github.com/my-ermes-labs/log v1.2.0 h1:J6dpfetulXZ6oTbVeixVpn54HAPXeSxly1fQQz+GxaM=
github.com/my-ermes-labs/log v1.2.0/go.mod h1:9WvSr0abccmqV1FlJhFdwRcMn0btfTv7/7mhESkDw6Y=
github.com/my-ermes-labs/log v1.3.1 h1:GDna2/l4Zskot/c1Q6LgefBAXQazkKU5vchm1RdcyXo=
github.com/my-ermes-labs/log v1.3.1/go.mod h1:9WvSr0abccmqV1FlJhFdwRcMn0btfTv7/7mhESkDw6Y=
github.com/my-ermes-labs/log v1.3.5 h1:Er8eucQHjdxQyuXYRUhq1kisgLA2uE1xJstQmYrBFvE=
github.com/my-ermes-labs/log v1.3.5/go.mod h1:9WvSr0abccmqV1FlJhFdwRcMn0btfTv7/7mhESkDw6Y=
